<?xml version="1.0" encoding="utf-8"?>
<Project ToolsVersion="4.0" xmlns="http://schemas.microsoft.com/developer/msbuild/2003">
  <ItemGroup>
    <ClCompile Include="core\general\src\main.cpp" />
    <ClCompile Include="core\general\src\application.cpp" />
    <ClCompile Include="core\general\src\window.cpp" />
    <ClCompile Include="core\general\src\glevent_handler.cpp" />
    <ClCompile Include="core\general\src\glevent_manager.cpp" />
    <ClCompile Include="core\general\src\input.cpp" />
    <ClCompile Include="core\general\src\message_bus.cpp" />
    <ClCompile Include="core\general\src\context.cpp" />
    <ClCompile Include="core\states\src\state.cpp" />
    <ClCompile Include="core\states\src\state_stack.cpp" />
    <ClCompile Include="core\states\src\menu_main.cpp" />
    <ClCompile Include="core\resources\src\texture.cpp" />
    <ClCompile Include="core\resources\src\resource_manager.cpp" />
    <ClCompile Include="external\inc\external\glm\detail\glm.cpp" />
    <ClCompile Include="external\src\stb_image.cpp" />
    <ClCompile Include="core\resources\src\shader.cpp" />
    <ClCompile Include="core\resources\src\mesh.cpp" />
    <ClCompile Include="core\general\src\clock.cpp" />
    <ClCompile Include="core\ui\src\invisible_button.cpp" />
    <ClCompile Include="core\utility\src\draw.cpp" />
    <ClCompile Include="core\ui\src\button.cpp" />
    <ClCompile Include="core\general\src\draw_manager.cpp" />
    <ClCompile Include="core\units\src\unit.cpp" />
    <ClCompile Include="core\states\src\game.cpp" />
    <ClCompile Include="core\states\src\menu_in_game.cpp" />
    <ClCompile Include="core\states\src\game_over.cpp" />
  </ItemGroup>
  <ItemGroup>
    <ClInclude Include="core\general\inc\application.h" />
    <ClInclude Include="core\general\inc\window.h" />
    <ClInclude Include="core\general\inc\glevent.h" />
    <ClInclude Include="core\general\inc\glevent_handler.h" />
    <ClInclude Include="core\general\inc\glevent_manager.h" />
    <ClInclude Include="core\general\inc\input.h" />
    <ClInclude Include="core\general\inc\message.h" />
    <ClInclude Include="core\general\inc\message_bus.h" />
    <ClInclude Include="core\general\inc\context.h" />
    <ClInclude Include="core\states\inc\state.h" />
    <ClInclude Include="core\states\inc\state_stack.h" />
    <ClInclude Include="core\states\pub\st_states.h" />
    <ClInclude Include="core\states\inc\menu_main.h" />
    <ClInclude Include="core\resources\inc\texture.h" />
    <ClInclude Include="core\resources\inc\resource_manager.h" />
    <ClInclude Include="core\resources\pub\tx_textures.h" />
    <ClInclude Include="external\inc\external\GL\eglew.h" />
    <ClInclude Include="external\inc\external\GL\glew.h" />
    <ClInclude Include="external\inc\external\GL\glxew.h" />
    <ClInclude Include="external\inc\external\GL\wglew.h" />
    <ClInclude Include="external\inc\external\GLFW\glfw3.h" />
    <ClInclude Include="external\inc\external\GLFW\glfw3native.h" />
    <ClInclude Include="external\inc\external\glm\common.hpp" />
    <ClInclude Include="external\inc\external\glm\detail\compute_common.hpp" />
    <ClInclude Include="external\inc\external\glm\detail\compute_vector_relational.hpp" />
    <ClInclude Include="external\inc\external\glm\detail\qualifier.hpp" />
    <ClInclude Include="external\inc\external\glm\detail\setup.hpp" />
    <ClInclude Include="external\inc\external\glm\detail\type_float.hpp" />
    <ClInclude Include="external\inc\external\glm\detail\type_half.hpp" />
    <ClInclude Include="external\inc\external\glm\detail\type_mat2x2.hpp" />
    <ClInclude Include="external\inc\external\glm\detail\type_mat2x3.hpp" />
    <ClInclude Include="external\inc\external\glm\detail\type_mat2x4.hpp" />
    <ClInclude Include="external\inc\external\glm\detail\type_mat3x2.hpp" />
    <ClInclude Include="external\inc\external\glm\detail\type_mat3x3.hpp" />
    <ClInclude Include="external\inc\external\glm\detail\type_mat3x4.hpp" />
    <ClInclude Include="external\inc\external\glm\detail\type_mat4x2.hpp" />
    <ClInclude Include="external\inc\external\glm\detail\type_mat4x3.hpp" />
    <ClInclude Include="external\inc\external\glm\detail\type_mat4x4.hpp" />
    <ClInclude Include="external\inc\external\glm\detail\type_quat.hpp" />
    <ClInclude Include="external\inc\external\glm\detail\type_vec1.hpp" />
    <ClInclude Include="external\inc\external\glm\detail\type_vec2.hpp" />
    <ClInclude Include="external\inc\external\glm\detail\type_vec3.hpp" />
    <ClInclude Include="external\inc\external\glm\detail\type_vec4.hpp" />
    <ClInclude Include="external\inc\external\glm\detail\_features.hpp" />
    <ClInclude Include="external\inc\external\glm\detail\_fixes.hpp" />
    <ClInclude Include="external\inc\external\glm\detail\_noise.hpp" />
    <ClInclude Include="external\inc\external\glm\detail\_swizzle.hpp" />
    <ClInclude Include="external\inc\external\glm\detail\_swizzle_func.hpp" />
    <ClInclude Include="external\inc\external\glm\detail\_vectorize.hpp" />
    <ClInclude Include="external\inc\external\glm\exponential.hpp" />
    <ClInclude Include="external\inc\external\glm\ext\matrix_clip_space.hpp" />
    <ClInclude Include="external\inc\external\glm\ext\matrix_common.hpp" />
    <ClInclude Include="external\inc\external\glm\ext\matrix_double2x2.hpp" />
    <ClInclude Include="external\inc\external\glm\ext\matrix_double2x2_precision.hpp" />
    <ClInclude Include="external\inc\external\glm\ext\matrix_double2x3.hpp" />
    <ClInclude Include="external\inc\external\glm\ext\matrix_double2x3_precision.hpp" />
    <ClInclude Include="external\inc\external\glm\ext\matrix_double2x4.hpp" />
    <ClInclude Include="external\inc\external\glm\ext\matrix_double2x4_precision.hpp" />
    <ClInclude Include="external\inc\external\glm\ext\matrix_double3x2.hpp" />
    <ClInclude Include="external\inc\external\glm\ext\matrix_double3x2_precision.hpp" />
    <ClInclude Include="external\inc\external\glm\ext\matrix_double3x3.hpp" />
    <ClInclude Include="external\inc\external\glm\ext\matrix_double3x3_precision.hpp" />
    <ClInclude Include="external\inc\external\glm\ext\matrix_double3x4.hpp" />
    <ClInclude Include="external\inc\external\glm\ext\matrix_double3x4_precision.hpp" />
    <ClInclude Include="external\inc\external\glm\ext\matrix_double4x2.hpp" />
    <ClInclude Include="external\inc\external\glm\ext\matrix_double4x2_precision.hpp" />
    <ClInclude Include="external\inc\external\glm\ext\matrix_double4x3.hpp" />
    <ClInclude Include="external\inc\external\glm\ext\matrix_double4x3_precision.hpp" />
    <ClInclude Include="external\inc\external\glm\ext\matrix_double4x4.hpp" />
    <ClInclude Include="external\inc\external\glm\ext\matrix_double4x4_precision.hpp" />
    <ClInclude Include="external\inc\external\glm\ext\matrix_float2x2.hpp" />
    <ClInclude Include="external\inc\external\glm\ext\matrix_float2x2_precision.hpp" />
    <ClInclude Include="external\inc\external\glm\ext\matrix_float2x3.hpp" />
    <ClInclude Include="external\inc\external\glm\ext\matrix_float2x3_precision.hpp" />
    <ClInclude Include="external\inc\external\glm\ext\matrix_float2x4.hpp" />
    <ClInclude Include="external\inc\external\glm\ext\matrix_float2x4_precision.hpp" />
    <ClInclude Include="external\inc\external\glm\ext\matrix_float3x2.hpp" />
    <ClInclude Include="external\inc\external\glm\ext\matrix_float3x2_precision.hpp" />
    <ClInclude Include="external\inc\external\glm\ext\matrix_float3x3.hpp" />
    <ClInclude Include="external\inc\external\glm\ext\matrix_float3x3_precision.hpp" />
    <ClInclude Include="external\inc\external\glm\ext\matrix_float3x4.hpp" />
    <ClInclude Include="external\inc\external\glm\ext\matrix_float3x4_precision.hpp" />
    <ClInclude Include="external\inc\external\glm\ext\matrix_float4x2.hpp" />
    <ClInclude Include="external\inc\external\glm\ext\matrix_float4x2_precision.hpp" />
    <ClInclude Include="external\inc\external\glm\ext\matrix_float4x3.hpp" />
    <ClInclude Include="external\inc\external\glm\ext\matrix_float4x3_precision.hpp" />
    <ClInclude Include="external\inc\external\glm\ext\matrix_float4x4.hpp" />
    <ClInclude Include="external\inc\external\glm\ext\matrix_float4x4_precision.hpp" />
    <ClInclude Include="external\inc\external\glm\ext\matrix_int2x2.hpp" />
    <ClInclude Include="external\inc\external\glm\ext\matrix_int2x2_sized.hpp" />
    <ClInclude Include="external\inc\external\glm\ext\matrix_int2x3.hpp" />
    <ClInclude Include="external\inc\external\glm\ext\matrix_int2x3_sized.hpp" />
    <ClInclude Include="external\inc\external\glm\ext\matrix_int2x4.hpp" />
    <ClInclude Include="external\inc\external\glm\ext\matrix_int2x4_sized.hpp" />
    <ClInclude Include="external\inc\external\glm\ext\matrix_int3x2.hpp" />
    <ClInclude Include="external\inc\external\glm\ext\matrix_int3x2_sized.hpp" />
    <ClInclude Include="external\inc\external\glm\ext\matrix_int3x3.hpp" />
    <ClInclude Include="external\inc\external\glm\ext\matrix_int3x3_sized.hpp" />
    <ClInclude Include="external\inc\external\glm\ext\matrix_int3x4.hpp" />
    <ClInclude Include="external\inc\external\glm\ext\matrix_int3x4_sized.hpp" />
    <ClInclude Include="external\inc\external\glm\ext\matrix_int4x2.hpp" />
    <ClInclude Include="external\inc\external\glm\ext\matrix_int4x2_sized.hpp" />
    <ClInclude Include="external\inc\external\glm\ext\matrix_int4x3.hpp" />
    <ClInclude Include="external\inc\external\glm\ext\matrix_int4x3_sized.hpp" />
    <ClInclude Include="external\inc\external\glm\ext\matrix_int4x4.hpp" />
    <ClInclude Include="external\inc\external\glm\ext\matrix_int4x4_sized.hpp" />
    <ClInclude Include="external\inc\external\glm\ext\matrix_projection.hpp" />
    <ClInclude Include="external\inc\external\glm\ext\matrix_relational.hpp" />
    <ClInclude Include="external\inc\external\glm\ext\matrix_transform.hpp" />
    <ClInclude Include="external\inc\external\glm\ext\matrix_uint2x2.hpp" />
    <ClInclude Include="external\inc\external\glm\ext\matrix_uint2x2_sized.hpp" />
    <ClInclude Include="external\inc\external\glm\ext\matrix_uint2x3.hpp" />
    <ClInclude Include="external\inc\external\glm\ext\matrix_uint2x3_sized.hpp" />
    <ClInclude Include="external\inc\external\glm\ext\matrix_uint2x4.hpp" />
    <ClInclude Include="external\inc\external\glm\ext\matrix_uint2x4_sized.hpp" />
    <ClInclude Include="external\inc\external\glm\ext\matrix_uint3x2.hpp" />
    <ClInclude Include="external\inc\external\glm\ext\matrix_uint3x2_sized.hpp" />
    <ClInclude Include="external\inc\external\glm\ext\matrix_uint3x3.hpp" />
    <ClInclude Include="external\inc\external\glm\ext\matrix_uint3x3_sized.hpp" />
    <ClInclude Include="external\inc\external\glm\ext\matrix_uint3x4.hpp" />
    <ClInclude Include="external\inc\external\glm\ext\matrix_uint3x4_sized.hpp" />
    <ClInclude Include="external\inc\external\glm\ext\matrix_uint4x2.hpp" />
    <ClInclude Include="external\inc\external\glm\ext\matrix_uint4x2_sized.hpp" />
    <ClInclude Include="external\inc\external\glm\ext\matrix_uint4x3.hpp" />
    <ClInclude Include="external\inc\external\glm\ext\matrix_uint4x3_sized.hpp" />
    <ClInclude Include="external\inc\external\glm\ext\matrix_uint4x4.hpp" />
    <ClInclude Include="external\inc\external\glm\ext\matrix_uint4x4_sized.hpp" />
    <ClInclude Include="external\inc\external\glm\ext\quaternion_common.hpp" />
    <ClInclude Include="external\inc\external\glm\ext\quaternion_double.hpp" />
    <ClInclude Include="external\inc\external\glm\ext\quaternion_double_precision.hpp" />
    <ClInclude Include="external\inc\external\glm\ext\quaternion_exponential.hpp" />
    <ClInclude Include="external\inc\external\glm\ext\quaternion_float.hpp" />
    <ClInclude Include="external\inc\external\glm\ext\quaternion_float_precision.hpp" />
    <ClInclude Include="external\inc\external\glm\ext\quaternion_geometric.hpp" />
    <ClInclude Include="external\inc\external\glm\ext\quaternion_relational.hpp" />
    <ClInclude Include="external\inc\external\glm\ext\quaternion_transform.hpp" />
    <ClInclude Include="external\inc\external\glm\ext\quaternion_trigonometric.hpp" />
    <ClInclude Include="external\inc\external\glm\ext\scalar_common.hpp" />
    <ClInclude Include="external\inc\external\glm\ext\scalar_constants.hpp" />
    <ClInclude Include="external\inc\external\glm\ext\scalar_integer.hpp" />
    <ClInclude Include="external\inc\external\glm\ext\scalar_int_sized.hpp" />
    <ClInclude Include="external\inc\external\glm\ext\scalar_packing.hpp" />
    <ClInclude Include="external\inc\external\glm\ext\scalar_relational.hpp" />
    <ClInclude Include="external\inc\external\glm\ext\scalar_uint_sized.hpp" />
    <ClInclude Include="external\inc\external\glm\ext\scalar_ulp.hpp" />
    <ClInclude Include="external\inc\external\glm\ext\vector_bool1.hpp" />
    <ClInclude Include="external\inc\external\glm\ext\vector_bool1_precision.hpp" />
    <ClInclude Include="external\inc\external\glm\ext\vector_bool2.hpp" />
    <ClInclude Include="external\inc\external\glm\ext\vector_bool2_precision.hpp" />
    <ClInclude Include="external\inc\external\glm\ext\vector_bool3.hpp" />
    <ClInclude Include="external\inc\external\glm\ext\vector_bool3_precision.hpp" />
    <ClInclude Include="external\inc\external\glm\ext\vector_bool4.hpp" />
    <ClInclude Include="external\inc\external\glm\ext\vector_bool4_precision.hpp" />
    <ClInclude Include="external\inc\external\glm\ext\vector_common.hpp" />
    <ClInclude Include="external\inc\external\glm\ext\vector_double1.hpp" />
    <ClInclude Include="external\inc\external\glm\ext\vector_double1_precision.hpp" />
    <ClInclude Include="external\inc\external\glm\ext\vector_double2.hpp" />
    <ClInclude Include="external\inc\external\glm\ext\vector_double2_precision.hpp" />
    <ClInclude Include="external\inc\external\glm\ext\vector_double3.hpp" />
    <ClInclude Include="external\inc\external\glm\ext\vector_double3_precision.hpp" />
    <ClInclude Include="external\inc\external\glm\ext\vector_double4.hpp" />
    <ClInclude Include="external\inc\external\glm\ext\vector_double4_precision.hpp" />
    <ClInclude Include="external\inc\external\glm\ext\vector_float1.hpp" />
    <ClInclude Include="external\inc\external\glm\ext\vector_float1_precision.hpp" />
    <ClInclude Include="external\inc\external\glm\ext\vector_float2.hpp" />
    <ClInclude Include="external\inc\external\glm\ext\vector_float2_precision.hpp" />
    <ClInclude Include="external\inc\external\glm\ext\vector_float3.hpp" />
    <ClInclude Include="external\inc\external\glm\ext\vector_float3_precision.hpp" />
    <ClInclude Include="external\inc\external\glm\ext\vector_float4.hpp" />
    <ClInclude Include="external\inc\external\glm\ext\vector_float4_precision.hpp" />
    <ClInclude Include="external\inc\external\glm\ext\vector_int1.hpp" />
    <ClInclude Include="external\inc\external\glm\ext\vector_int1_sized.hpp" />
    <ClInclude Include="external\inc\external\glm\ext\vector_int2.hpp" />
    <ClInclude Include="external\inc\external\glm\ext\vector_int2_sized.hpp" />
    <ClInclude Include="external\inc\external\glm\ext\vector_int3.hpp" />
    <ClInclude Include="external\inc\external\glm\ext\vector_int3_sized.hpp" />
    <ClInclude Include="external\inc\external\glm\ext\vector_int4.hpp" />
    <ClInclude Include="external\inc\external\glm\ext\vector_int4_sized.hpp" />
    <ClInclude Include="external\inc\external\glm\ext\vector_integer.hpp" />
    <ClInclude Include="external\inc\external\glm\ext\vector_packing.hpp" />
    <ClInclude Include="external\inc\external\glm\ext\vector_relational.hpp" />
    <ClInclude Include="external\inc\external\glm\ext\vector_uint1.hpp" />
    <ClInclude Include="external\inc\external\glm\ext\vector_uint1_sized.hpp" />
    <ClInclude Include="external\inc\external\glm\ext\vector_uint2.hpp" />
    <ClInclude Include="external\inc\external\glm\ext\vector_uint2_sized.hpp" />
    <ClInclude Include="external\inc\external\glm\ext\vector_uint3.hpp" />
    <ClInclude Include="external\inc\external\glm\ext\vector_uint3_sized.hpp" />
    <ClInclude Include="external\inc\external\glm\ext\vector_uint4.hpp" />
    <ClInclude Include="external\inc\external\glm\ext\vector_uint4_sized.hpp" />
    <ClInclude Include="external\inc\external\glm\ext\vector_ulp.hpp" />
    <ClInclude Include="external\inc\external\glm\ext.hpp" />
    <ClInclude Include="external\inc\external\glm\fwd.hpp" />
    <ClInclude Include="external\inc\external\glm\geometric.hpp" />
    <ClInclude Include="external\inc\external\glm\glm.hpp" />
    <ClInclude Include="external\inc\external\glm\gtc\bitfield.hpp" />
    <ClInclude Include="external\inc\external\glm\gtc\color_space.hpp" />
    <ClInclude Include="external\inc\external\glm\gtc\constants.hpp" />
    <ClInclude Include="external\inc\external\glm\gtc\epsilon.hpp" />
    <ClInclude Include="external\inc\external\glm\gtc\integer.hpp" />
    <ClInclude Include="external\inc\external\glm\gtc\matrix_access.hpp" />
    <ClInclude Include="external\inc\external\glm\gtc\matrix_integer.hpp" />
    <ClInclude Include="external\inc\external\glm\gtc\matrix_inverse.hpp" />
    <ClInclude Include="external\inc\external\glm\gtc\matrix_transform.hpp" />
    <ClInclude Include="external\inc\external\glm\gtc\noise.hpp" />
    <ClInclude Include="external\inc\external\glm\gtc\packing.hpp" />
    <ClInclude Include="external\inc\external\glm\gtc\quaternion.hpp" />
    <ClInclude Include="external\inc\external\glm\gtc\random.hpp" />
    <ClInclude Include="external\inc\external\glm\gtc\reciprocal.hpp" />
    <ClInclude Include="external\inc\external\glm\gtc\round.hpp" />
    <ClInclude Include="external\inc\external\glm\gtc\type_aligned.hpp" />
    <ClInclude Include="external\inc\external\glm\gtc\type_precision.hpp" />
    <ClInclude Include="external\inc\external\glm\gtc\type_ptr.hpp" />
    <ClInclude Include="external\inc\external\glm\gtc\ulp.hpp" />
    <ClInclude Include="external\inc\external\glm\gtc\vec1.hpp" />
    <ClInclude Include="external\inc\external\glm\gtx\associated_min_max.hpp" />
    <ClInclude Include="external\inc\external\glm\gtx\bit.hpp" />
    <ClInclude Include="external\inc\external\glm\gtx\closest_point.hpp" />
    <ClInclude Include="external\inc\external\glm\gtx\color_encoding.hpp" />
    <ClInclude Include="external\inc\external\glm\gtx\color_space.hpp" />
    <ClInclude Include="external\inc\external\glm\gtx\color_space_YCoCg.hpp" />
    <ClInclude Include="external\inc\external\glm\gtx\common.hpp" />
    <ClInclude Include="external\inc\external\glm\gtx\compatibility.hpp" />
    <ClInclude Include="external\inc\external\glm\gtx\component_wise.hpp" />
    <ClInclude Include="external\inc\external\glm\gtx\dual_quaternion.hpp" />
    <ClInclude Include="external\inc\external\glm\gtx\easing.hpp" />
    <ClInclude Include="external\inc\external\glm\gtx\euler_angles.hpp" />
    <ClInclude Include="external\inc\external\glm\gtx\extend.hpp" />
    <ClInclude Include="external\inc\external\glm\gtx\extended_min_max.hpp" />
    <ClInclude Include="external\inc\external\glm\gtx\exterior_product.hpp" />
    <ClInclude Include="external\inc\external\glm\gtx\fast_exponential.hpp" />
    <ClInclude Include="external\inc\external\glm\gtx\fast_square_root.hpp" />
    <ClInclude Include="external\inc\external\glm\gtx\fast_trigonometry.hpp" />
    <ClInclude Include="external\inc\external\glm\gtx\functions.hpp" />
    <ClInclude Include="external\inc\external\glm\gtx\gradient_paint.hpp" />
    <ClInclude Include="external\inc\external\glm\gtx\handed_coordinate_space.hpp" />
    <ClInclude Include="external\inc\external\glm\gtx\hash.hpp" />
    <ClInclude Include="external\inc\external\glm\gtx\integer.hpp" />
    <ClInclude Include="external\inc\external\glm\gtx\intersect.hpp" />
    <ClInclude Include="external\inc\external\glm\gtx\io.hpp" />
    <ClInclude Include="external\inc\external\glm\gtx\log_base.hpp" />
    <ClInclude Include="external\inc\external\glm\gtx\matrix_cross_product.hpp" />
    <ClInclude Include="external\inc\external\glm\gtx\matrix_decompose.hpp" />
    <ClInclude Include="external\inc\external\glm\gtx\matrix_factorisation.hpp" />
    <ClInclude Include="external\inc\external\glm\gtx\matrix_interpolation.hpp" />
    <ClInclude Include="external\inc\external\glm\gtx\matrix_major_storage.hpp" />
    <ClInclude Include="external\inc\external\glm\gtx\matrix_operation.hpp" />
    <ClInclude Include="external\inc\external\glm\gtx\matrix_query.hpp" />
    <ClInclude Include="external\inc\external\glm\gtx\matrix_transform_2d.hpp" />
    <ClInclude Include="external\inc\external\glm\gtx\mixed_product.hpp" />
    <ClInclude Include="external\inc\external\glm\gtx\norm.hpp" />
    <ClInclude Include="external\inc\external\glm\gtx\normal.hpp" />
    <ClInclude Include="external\inc\external\glm\gtx\normalize_dot.hpp" />
    <ClInclude Include="external\inc\external\glm\gtx\number_precision.hpp" />
    <ClInclude Include="external\inc\external\glm\gtx\optimum_pow.hpp" />
    <ClInclude Include="external\inc\external\glm\gtx\orthonormalize.hpp" />
    <ClInclude Include="external\inc\external\glm\gtx\perpendicular.hpp" />
    <ClInclude Include="external\inc\external\glm\gtx\polar_coordinates.hpp" />
    <ClInclude Include="external\inc\external\glm\gtx\projection.hpp" />
    <ClInclude Include="external\inc\external\glm\gtx\quaternion.hpp" />
    <ClInclude Include="external\inc\external\glm\gtx\range.hpp" />
    <ClInclude Include="external\inc\external\glm\gtx\raw_data.hpp" />
    <ClInclude Include="external\inc\external\glm\gtx\rotate_normalized_axis.hpp" />
    <ClInclude Include="external\inc\external\glm\gtx\rotate_vector.hpp" />
    <ClInclude Include="external\inc\external\glm\gtx\scalar_multiplication.hpp" />
    <ClInclude Include="external\inc\external\glm\gtx\scalar_relational.hpp" />
    <ClInclude Include="external\inc\external\glm\gtx\spline.hpp" />
    <ClInclude Include="external\inc\external\glm\gtx\std_based_type.hpp" />
    <ClInclude Include="external\inc\external\glm\gtx\string_cast.hpp" />
    <ClInclude Include="external\inc\external\glm\gtx\texture.hpp" />
    <ClInclude Include="external\inc\external\glm\gtx\transform.hpp" />
    <ClInclude Include="external\inc\external\glm\gtx\transform2.hpp" />
    <ClInclude Include="external\inc\external\glm\gtx\type_aligned.hpp" />
    <ClInclude Include="external\inc\external\glm\gtx\type_trait.hpp" />
    <ClInclude Include="external\inc\external\glm\gtx\vector_angle.hpp" />
    <ClInclude Include="external\inc\external\glm\gtx\vector_query.hpp" />
    <ClInclude Include="external\inc\external\glm\gtx\vec_swizzle.hpp" />
    <ClInclude Include="external\inc\external\glm\gtx\wrap.hpp" />
    <ClInclude Include="external\inc\external\glm\integer.hpp" />
    <ClInclude Include="external\inc\external\glm\mat2x2.hpp" />
    <ClInclude Include="external\inc\external\glm\mat2x3.hpp" />
    <ClInclude Include="external\inc\external\glm\mat2x4.hpp" />
    <ClInclude Include="external\inc\external\glm\mat3x2.hpp" />
    <ClInclude Include="external\inc\external\glm\mat3x3.hpp" />
    <ClInclude Include="external\inc\external\glm\mat3x4.hpp" />
    <ClInclude Include="external\inc\external\glm\mat4x2.hpp" />
    <ClInclude Include="external\inc\external\glm\mat4x3.hpp" />
    <ClInclude Include="external\inc\external\glm\mat4x4.hpp" />
    <ClInclude Include="external\inc\external\glm\matrix.hpp" />
    <ClInclude Include="external\inc\external\glm\packing.hpp" />
    <ClInclude Include="external\inc\external\glm\simd\common.h" />
    <ClInclude Include="external\inc\external\glm\simd\exponential.h" />
    <ClInclude Include="external\inc\external\glm\simd\geometric.h" />
    <ClInclude Include="external\inc\external\glm\simd\integer.h" />
    <ClInclude Include="external\inc\external\glm\simd\matrix.h" />
    <ClInclude Include="external\inc\external\glm\simd\neon.h" />
    <ClInclude Include="external\inc\external\glm\simd\packing.h" />
    <ClInclude Include="external\inc\external\glm\simd\platform.h" />
    <ClInclude Include="external\inc\external\glm\simd\trigonometric.h" />
    <ClInclude Include="external\inc\external\glm\simd\vector_relational.h" />
    <ClInclude Include="external\inc\external\glm\trigonometric.hpp" />
    <ClInclude Include="external\inc\external\glm\vec2.hpp" />
    <ClInclude Include="external\inc\external\glm\vec3.hpp" />
    <ClInclude Include="external\inc\external\glm\vec4.hpp" />
    <ClInclude Include="external\inc\external\glm\vector_relational.hpp" />
    <ClInclude Include="external\inc\external\stb_image\stb_image.h" />
    <ClInclude Include="core\resources\inc\shader.h" />
    <ClInclude Include="core\resources\pub\sh_shaders.h" />
    <ClInclude Include="core\resources\inc\mesh.h" />
    <ClInclude Include="core\resources\pub\msh_meshes.h" />
    <ClInclude Include="core\general\inc\clock.h" />
    <ClInclude Include="core\ui\inc\invisible_button.h" />
    <ClInclude Include="core\general\inc\drawable.h" />
    <ClInclude Include="core\utility\inc\draw.h" />
    <ClInclude Include="core\ui\inc\button.h" />
    <ClInclude Include="core\ui\pub\cst_color_states.h" />
    <ClInclude Include="core\general\inc\draw_manager.h" />
    <ClInclude Include="core\units\inc\unit.h" />
    <ClInclude Include="core\states\inc\game.h" />
    <ClInclude Include="core\states\inc\menu_in_game.h" />
    <ClInclude Include="core\states\inc\game_over.h" />
  </ItemGroup>
  <ItemGroup>
    <None Include="core\general\inc\input.inl" />
    <None Include="core\states\inc\state_stack.inl" />
    <None Include="core\resources\inc\resource_manager.inl" />
    <None Include="external\inc\external\glm\detail\func_common.inl" />
    <None Include="external\inc\external\glm\detail\func_common_simd.inl" />
    <None Include="external\inc\external\glm\detail\func_exponential.inl" />
    <None Include="external\inc\external\glm\detail\func_exponential_simd.inl" />
    <None Include="external\inc\external\glm\detail\func_geometric.inl" />
    <None Include="external\inc\external\glm\detail\func_geometric_simd.inl" />
    <None Include="external\inc\external\glm\detail\func_integer.inl" />
    <None Include="external\inc\external\glm\detail\func_integer_simd.inl" />
    <None Include="external\inc\external\glm\detail\func_matrix.inl" />
    <None Include="external\inc\external\glm\detail\func_matrix_simd.inl" />
    <None Include="external\inc\external\glm\detail\func_packing.inl" />
    <None Include="external\inc\external\glm\detail\func_packing_simd.inl" />
    <None Include="external\inc\external\glm\detail\func_trigonometric.inl" />
    <None Include="external\inc\external\glm\detail\func_trigonometric_simd.inl" />
    <None Include="external\inc\external\glm\detail\func_vector_relational.inl" />
    <None Include="external\inc\external\glm\detail\func_vector_relational_simd.inl" />
    <None Include="external\inc\external\glm\detail\type_half.inl" />
    <None Include="external\inc\external\glm\detail\type_mat2x2.inl" />
    <None Include="external\inc\external\glm\detail\type_mat2x3.inl" />
    <None Include="external\inc\external\glm\detail\type_mat2x4.inl" />
    <None Include="external\inc\external\glm\detail\type_mat3x2.inl" />
    <None Include="external\inc\external\glm\detail\type_mat3x3.inl" />
    <None Include="external\inc\external\glm\detail\type_mat3x4.inl" />
    <None Include="external\inc\external\glm\detail\type_mat4x2.inl" />
    <None Include="external\inc\external\glm\detail\type_mat4x3.inl" />
    <None Include="external\inc\external\glm\detail\type_mat4x4.inl" />
    <None Include="external\inc\external\glm\detail\type_mat4x4_simd.inl" />
    <None Include="external\inc\external\glm\detail\type_quat.inl" />
    <None Include="external\inc\external\glm\detail\type_quat_simd.inl" />
    <None Include="external\inc\external\glm\detail\type_vec1.inl" />
    <None Include="external\inc\external\glm\detail\type_vec2.inl" />
    <None Include="external\inc\external\glm\detail\type_vec3.inl" />
    <None Include="external\inc\external\glm\detail\type_vec4.inl" />
    <None Include="external\inc\external\glm\detail\type_vec4_simd.inl" />
    <None Include="external\inc\external\glm\ext\matrix_clip_space.inl" />
    <None Include="external\inc\external\glm\ext\matrix_common.inl" />
    <None Include="external\inc\external\glm\ext\matrix_projection.inl" />
    <None Include="external\inc\external\glm\ext\matrix_relational.inl" />
    <None Include="external\inc\external\glm\ext\matrix_transform.inl" />
    <None Include="external\inc\external\glm\ext\quaternion_common.inl" />
    <None Include="external\inc\external\glm\ext\quaternion_common_simd.inl" />
    <None Include="external\inc\external\glm\ext\quaternion_exponential.inl" />
    <None Include="external\inc\external\glm\ext\quaternion_geometric.inl" />
    <None Include="external\inc\external\glm\ext\quaternion_relational.inl" />
    <None Include="external\inc\external\glm\ext\quaternion_transform.inl" />
    <None Include="external\inc\external\glm\ext\quaternion_trigonometric.inl" />
    <None Include="external\inc\external\glm\ext\scalar_common.inl" />
    <None Include="external\inc\external\glm\ext\scalar_constants.inl" />
    <None Include="external\inc\external\glm\ext\scalar_integer.inl" />
    <None Include="external\inc\external\glm\ext\scalar_packing.inl" />
    <None Include="external\inc\external\glm\ext\scalar_relational.inl" />
    <None Include="external\inc\external\glm\ext\scalar_ulp.inl" />
    <None Include="external\inc\external\glm\ext\vector_common.inl" />
    <None Include="external\inc\external\glm\ext\vector_integer.inl" />
    <None Include="external\inc\external\glm\ext\vector_packing.inl" />
    <None Include="external\inc\external\glm\ext\vector_relational.inl" />
    <None Include="external\inc\external\glm\ext\vector_ulp.inl" />
    <None Include="external\inc\external\glm\gtc\bitfield.inl" />
    <None Include="external\inc\external\glm\gtc\color_space.inl" />
    <None Include="external\inc\external\glm\gtc\constants.inl" />
    <None Include="external\inc\external\glm\gtc\epsilon.inl" />
    <None Include="external\inc\external\glm\gtc\integer.inl" />
    <None Include="external\inc\external\glm\gtc\matrix_access.inl" />
    <None Include="external\inc\external\glm\gtc\matrix_inverse.inl" />
    <None Include="external\inc\external\glm\gtc\matrix_transform.inl" />
    <None Include="external\inc\external\glm\gtc\noise.inl" />
    <None Include="external\inc\external\glm\gtc\packing.inl" />
    <None Include="external\inc\external\glm\gtc\quaternion.inl" />
    <None Include="external\inc\external\glm\gtc\quaternion_simd.inl" />
    <None Include="external\inc\external\glm\gtc\random.inl" />
    <None Include="external\inc\external\glm\gtc\reciprocal.inl" />
    <None Include="external\inc\external\glm\gtc\round.inl" />
    <None Include="external\inc\external\glm\gtc\type_precision.inl" />
    <None Include="external\inc\external\glm\gtc\type_ptr.inl" />
    <None Include="external\inc\external\glm\gtc\ulp.inl" />
    <None Include="external\inc\external\glm\gtx\associated_min_max.inl" />
    <None Include="external\inc\external\glm\gtx\bit.inl" />
    <None Include="external\inc\external\glm\gtx\closest_point.inl" />
    <None Include="external\inc\external\glm\gtx\color_encoding.inl" />
    <None Include="external\inc\external\glm\gtx\color_space.inl" />
    <None Include="external\inc\external\glm\gtx\color_space_YCoCg.inl" />
    <None Include="external\inc\external\glm\gtx\common.inl" />
    <None Include="external\inc\external\glm\gtx\compatibility.inl" />
    <None Include="external\inc\external\glm\gtx\component_wise.inl" />
    <None Include="external\inc\external\glm\gtx\dual_quaternion.inl" />
    <None Include="external\inc\external\glm\gtx\easing.inl" />
    <None Include="external\inc\external\glm\gtx\euler_angles.inl" />
    <None Include="external\inc\external\glm\gtx\extend.inl" />
    <None Include="external\inc\external\glm\gtx\extended_min_max.inl" />
    <None Include="external\inc\external\glm\gtx\exterior_product.inl" />
    <None Include="external\inc\external\glm\gtx\fast_exponential.inl" />
    <None Include="external\inc\external\glm\gtx\fast_square_root.inl" />
    <None Include="external\inc\external\glm\gtx\fast_trigonometry.inl" />
    <None Include="external\inc\external\glm\gtx\float_notmalize.inl" />
    <None Include="external\inc\external\glm\gtx\functions.inl" />
    <None Include="external\inc\external\glm\gtx\gradient_paint.inl" />
    <None Include="external\inc\external\glm\gtx\handed_coordinate_space.inl" />
    <None Include="external\inc\external\glm\gtx\hash.inl" />
    <None Include="external\inc\external\glm\gtx\integer.inl" />
    <None Include="external\inc\external\glm\gtx\intersect.inl" />
    <None Include="external\inc\external\glm\gtx\io.inl" />
    <None Include="external\inc\external\glm\gtx\log_base.inl" />
    <None Include="external\inc\external\glm\gtx\matrix_cross_product.inl" />
    <None Include="external\inc\external\glm\gtx\matrix_decompose.inl" />
    <None Include="external\inc\external\glm\gtx\matrix_factorisation.inl" />
    <None Include="external\inc\external\glm\gtx\matrix_interpolation.inl" />
    <None Include="external\inc\external\glm\gtx\matrix_major_storage.inl" />
    <None Include="external\inc\external\glm\gtx\matrix_operation.inl" />
    <None Include="external\inc\external\glm\gtx\matrix_query.inl" />
    <None Include="external\inc\external\glm\gtx\matrix_transform_2d.inl" />
    <None Include="external\inc\external\glm\gtx\mixed_product.inl" />
    <None Include="external\inc\external\glm\gtx\norm.inl" />
    <None Include="external\inc\external\glm\gtx\normal.inl" />
    <None Include="external\inc\external\glm\gtx\normalize_dot.inl" />
    <None Include="external\inc\external\glm\gtx\number_precision.inl" />
    <None Include="external\inc\external\glm\gtx\optimum_pow.inl" />
    <None Include="external\inc\external\glm\gtx\orthonormalize.inl" />
    <None Include="external\inc\external\glm\gtx\perpendicular.inl" />
    <None Include="external\inc\external\glm\gtx\polar_coordinates.inl" />
    <None Include="external\inc\external\glm\gtx\projection.inl" />
    <None Include="external\inc\external\glm\gtx\quaternion.inl" />
    <None Include="external\inc\external\glm\gtx\raw_data.inl" />
    <None Include="external\inc\external\glm\gtx\rotate_normalized_axis.inl" />
    <None Include="external\inc\external\glm\gtx\rotate_vector.inl" />
    <None Include="external\inc\external\glm\gtx\scalar_relational.inl" />
    <None Include="external\inc\external\glm\gtx\spline.inl" />
    <None Include="external\inc\external\glm\gtx\std_based_type.inl" />
    <None Include="external\inc\external\glm\gtx\string_cast.inl" />
    <None Include="external\inc\external\glm\gtx\texture.inl" />
    <None Include="external\inc\external\glm\gtx\transform.inl" />
    <None Include="external\inc\external\glm\gtx\transform2.inl" />
    <None Include="external\inc\external\glm\gtx\type_aligned.inl" />
    <None Include="external\inc\external\glm\gtx\type_trait.inl" />
    <None Include="external\inc\external\glm\gtx\vector_angle.inl" />
    <None Include="external\inc\external\glm\gtx\vector_query.inl" />
    <None Include="external\inc\external\glm\gtx\wrap.inl" />
    <None Include="assets\shaders\primitive.vert" />
    <None Include="assets\shaders\primitive.frag" />
    <None Include="assets\shaders\fbo.vert" />
    <None Include="assets\shaders\fbo.frag" />
    <None Include="assets\shaders\sprite.vert" />
    <None Include="assets\shaders\sprite.frag" />
  </ItemGroup>
  <ItemGroup>
    <Library Include="external\lib\glew32s.lib" />
    <Library Include="external\lib\glfw3.lib" />
  </ItemGroup>
</Project>